// !$*UTF8*$!
{
	archiveVersion = 1;
	classes = {
	};
	objectVersion = 46;
	objects = {

/* Begin PBXBuildFile section */
		0D86B50297E8C0ABFD81529A /* Pods_Tweety.framework in Frameworks */ = {isa = PBXBuildFile; fileRef = 12756BF4CDF0232AA3584730 /* Pods_Tweety.framework */; };
		ED6285411E523BC40043A00F /* TweetCell.swift in Sources */ = {isa = PBXBuildFile; fileRef = ED6285401E523BC40043A00F /* TweetCell.swift */; };
		ED7246061E4988BE00AF681E /* AppDelegate.swift in Sources */ = {isa = PBXBuildFile; fileRef = ED7246051E4988BE00AF681E /* AppDelegate.swift */; };
		ED72460D1E4988BE00AF681E /* Assets.xcassets in Resources */ = {isa = PBXBuildFile; fileRef = ED72460C1E4988BE00AF681E /* Assets.xcassets */; };
		ED7246101E4988BE00AF681E /* LaunchScreen.storyboard in Resources */ = {isa = PBXBuildFile; fileRef = ED72460E1E4988BE00AF681E /* LaunchScreen.storyboard */; };
		ED86719A1E4A56C2004D6BFF /* HomeDatasourceController.swift in Sources */ = {isa = PBXBuildFile; fileRef = ED8671991E4A56C2004D6BFF /* HomeDatasourceController.swift */; };
		ED86719F1E4A5BE3004D6BFF /* UserHeaderFooter.swift in Sources */ = {isa = PBXBuildFile; fileRef = ED86719E1E4A5BE3004D6BFF /* UserHeaderFooter.swift */; };
		ED8671A11E4A5C0C004D6BFF /* HomeDatasource.swift in Sources */ = {isa = PBXBuildFile; fileRef = ED8671A01E4A5C0C004D6BFF /* HomeDatasource.swift */; };
		ED8671A31E4A66DB004D6BFF /* User.swift in Sources */ = {isa = PBXBuildFile; fileRef = ED8671A21E4A66DB004D6BFF /* User.swift */; };
		ED8671A51E4A6A07004D6BFF /* UserCell.swift in Sources */ = {isa = PBXBuildFile; fileRef = ED8671A41E4A6A07004D6BFF /* UserCell.swift */; };
		ED9E35F11E53BF2900DEBC81 /* Tweet.swift in Sources */ = {isa = PBXBuildFile; fileRef = ED9E35F01E53BF2900DEBC81 /* Tweet.swift */; };
		EDD87A0B1E51838300728AC2 /* HomeDatasourceController+navbar.swift in Sources */ = {isa = PBXBuildFile; fileRef = EDD87A0A1E51838300728AC2 /* HomeDatasourceController+navbar.swift */; };
/* End PBXBuildFile section */

/* Begin PBXFileReference section */
		12756BF4CDF0232AA3584730 /* Pods_Tweety.framework */ = {isa = PBXFileReference; explicitFileType = wrapper.framework; includeInIndex = 0; path = Pods_Tweety.framework; sourceTree = BUILT_PRODUCTS_DIR; };
		8741049DCDC0482CECC0201E /* Pods-Tweety.debug.xcconfig */ = {isa = PBXFileReference; includeInIndex = 1; lastKnownFileType = text.xcconfig; name = "Pods-Tweety.debug.xcconfig"; path = "Pods/Target Support Files/Pods-Tweety/Pods-Tweety.debug.xcconfig"; sourceTree = "<group>"; };
		A791AC8DE825DDE870CE7074 /* Pods-Tweety.release.xcconfig */ = {isa = PBXFileReference; includeInIndex = 1; lastKnownFileType = text.xcconfig; name = "Pods-Tweety.release.xcconfig"; path = "Pods/Target Support Files/Pods-Tweety/Pods-Tweety.release.xcconfig"; sourceTree = "<group>"; };
		ED6285401E523BC40043A00F /* TweetCell.swift */ = {isa = PBXFileReference; fileEncoding = 4; lastKnownFileType = sourcecode.swift; path = TweetCell.swift; sourceTree = "<group>"; };
		ED7246021E4988BE00AF681E /* Tweety.app */ = {isa = PBXFileReference; explicitFileType = wrapper.application; includeInIndex = 0; path = Tweety.app; sourceTree = BUILT_PRODUCTS_DIR; };
		ED7246051E4988BE00AF681E /* AppDelegate.swift */ = {isa = PBXFileReference; lastKnownFileType = sourcecode.swift; path = AppDelegate.swift; sourceTree = "<group>"; };
		ED72460C1E4988BE00AF681E /* Assets.xcassets */ = {isa = PBXFileReference; lastKnownFileType = folder.assetcatalog; path = Assets.xcassets; sourceTree = "<group>"; };
		ED72460F1E4988BE00AF681E /* Base */ = {isa = PBXFileReference; lastKnownFileType = file.storyboard; name = Base; path = Base.lproj/LaunchScreen.storyboard; sourceTree = "<group>"; };
		ED7246111E4988BE00AF681E /* Info.plist */ = {isa = PBXFileReference; lastKnownFileType = text.plist.xml; path = Info.plist; sourceTree = "<group>"; };
		ED8671991E4A56C2004D6BFF /* HomeDatasourceController.swift */ = {isa = PBXFileReference; fileEncoding = 4; lastKnownFileType = sourcecode.swift; path = HomeDatasourceController.swift; sourceTree = "<group>"; };
		ED86719E1E4A5BE3004D6BFF /* UserHeaderFooter.swift */ = {isa = PBXFileReference; fileEncoding = 4; lastKnownFileType = sourcecode.swift; path = UserHeaderFooter.swift; sourceTree = "<group>"; };
		ED8671A01E4A5C0C004D6BFF /* HomeDatasource.swift */ = {isa = PBXFileReference; fileEncoding = 4; lastKnownFileType = sourcecode.swift; path = HomeDatasource.swift; sourceTree = "<group>"; };
		ED8671A21E4A66DB004D6BFF /* User.swift */ = {isa = PBXFileReference; fileEncoding = 4; lastKnownFileType = sourcecode.swift; path = User.swift; sourceTree = "<group>"; };
		ED8671A41E4A6A07004D6BFF /* UserCell.swift */ = {isa = PBXFileReference; fileEncoding = 4; lastKnownFileType = sourcecode.swift; path = UserCell.swift; sourceTree = "<group>"; };
		ED9E35F01E53BF2900DEBC81 /* Tweet.swift */ = {isa = PBXFileReference; fileEncoding = 4; lastKnownFileType = sourcecode.swift; path = Tweet.swift; sourceTree = "<group>"; };
		EDD87A0A1E51838300728AC2 /* HomeDatasourceController+navbar.swift */ = {isa = PBXFileReference; fileEncoding = 4; lastKnownFileType = sourcecode.swift; path = "HomeDatasourceController+navbar.swift"; sourceTree = "<group>"; };
/* End PBXFileReference section */

/* Begin PBXFrameworksBuildPhase section */
		ED7245FF1E4988BE00AF681E /* Frameworks */ = {
			isa = PBXFrameworksBuildPhase;
			buildActionMask = 2147483647;
			files = (
				0D86B50297E8C0ABFD81529A /* Pods_Tweety.framework in Frameworks */,
			);
			runOnlyForDeploymentPostprocessing = 0;
		};
/* End PBXFrameworksBuildPhase section */

/* Begin PBXGroup section */
		1E37C8669490AEA9A37EE448 /* Frameworks */ = {
			isa = PBXGroup;
			children = (
				12756BF4CDF0232AA3584730 /* Pods_Tweety.framework */,
			);
			name = Frameworks;
			sourceTree = "<group>";
		};
		BA90F1108CE3A579CE67C1D5 /* Pods */ = {
			isa = PBXGroup;
			children = (
				8741049DCDC0482CECC0201E /* Pods-Tweety.debug.xcconfig */,
				A791AC8DE825DDE870CE7074 /* Pods-Tweety.release.xcconfig */,
			);
			name = Pods;
			sourceTree = "<group>";
		};
		ED7245F91E4988BE00AF681E = {
			isa = PBXGroup;
			children = (
				ED7246041E4988BE00AF681E /* Tweety */,
				ED7246031E4988BE00AF681E /* Products */,
				BA90F1108CE3A579CE67C1D5 /* Pods */,
				1E37C8669490AEA9A37EE448 /* Frameworks */,
			);
			sourceTree = "<group>";
		};
		ED7246031E4988BE00AF681E /* Products */ = {
			isa = PBXGroup;
			children = (
				ED7246021E4988BE00AF681E /* Tweety.app */,
			);
			name = Products;
			sourceTree = "<group>";
		};
		ED7246041E4988BE00AF681E /* Tweety */ = {
			isa = PBXGroup;
			children = (
				ED7246051E4988BE00AF681E /* AppDelegate.swift */,
				ED86719B1E4A5BB2004D6BFF /* Model */,
				ED86719D1E4A5BBE004D6BFF /* View */,
				ED86719C1E4A5BB7004D6BFF /* Controller */,
				ED72460C1E4988BE00AF681E /* Assets.xcassets */,
				ED72460E1E4988BE00AF681E /* LaunchScreen.storyboard */,
				ED7246111E4988BE00AF681E /* Info.plist */,
			);
			path = Tweety;
			sourceTree = "<group>";
		};
		ED86719B1E4A5BB2004D6BFF /* Model */ = {
			isa = PBXGroup;
			children = (
				ED8671A01E4A5C0C004D6BFF /* HomeDatasource.swift */,
				ED8671A21E4A66DB004D6BFF /* User.swift */,
				ED9E35F01E53BF2900DEBC81 /* Tweet.swift */,
			);
			name = Model;
			sourceTree = "<group>";
		};
		ED86719C1E4A5BB7004D6BFF /* Controller */ = {
			isa = PBXGroup;
			children = (
				ED8671991E4A56C2004D6BFF /* HomeDatasourceController.swift */,
				EDD87A0A1E51838300728AC2 /* HomeDatasourceController+navbar.swift */,
			);
			name = Controller;
			sourceTree = "<group>";
		};
		ED86719D1E4A5BBE004D6BFF /* View */ = {
			isa = PBXGroup;
			children = (
				ED86719E1E4A5BE3004D6BFF /* UserHeaderFooter.swift */,
				ED8671A41E4A6A07004D6BFF /* UserCell.swift */,
				ED6285401E523BC40043A00F /* TweetCell.swift */,
			);
			name = View;
			sourceTree = "<group>";
		};
/* End PBXGroup section */

/* Begin PBXNativeTarget section */
		ED7246011E4988BE00AF681E /* Tweety */ = {
			isa = PBXNativeTarget;
			buildConfigurationList = ED7246141E4988BE00AF681E /* Build configuration list for PBXNativeTarget "Tweety" */;
			buildPhases = (
				4778A439AC9A7B730FFDE651 /* [CP] Check Pods Manifest.lock */,
				ED7245FE1E4988BE00AF681E /* Sources */,
				ED7245FF1E4988BE00AF681E /* Frameworks */,
				ED7246001E4988BE00AF681E /* Resources */,
				C0A5B02B01B85EB3AABFAC5E /* [CP] Embed Pods Frameworks */,
				20919C1C7916CDFB7A5E6FCA /* [CP] Copy Pods Resources */,
			);
			buildRules = (
			);
			dependencies = (
			);
			name = Tweety;
			productName = Tweety;
			productReference = ED7246021E4988BE00AF681E /* Tweety.app */;
			productType = "com.apple.product-type.application";
		};
/* End PBXNativeTarget section */

/* Begin PBXProject section */
		ED7245FA1E4988BE00AF681E /* Project object */ = {
			isa = PBXProject;
			attributes = {
				LastSwiftUpdateCheck = 0800;
				LastUpgradeCheck = 0800;
				ORGANIZATIONNAME = "Prayash Thapa";
				TargetAttributes = {
					ED7246011E4988BE00AF681E = {
						CreatedOnToolsVersion = 8.0;
						DevelopmentTeam = 6CU374MXYV;
						ProvisioningStyle = Automatic;
					};
				};
			};
			buildConfigurationList = ED7245FD1E4988BE00AF681E /* Build configuration list for PBXProject "Tweety" */;
			compatibilityVersion = "Xcode 3.2";
			developmentRegion = English;
			hasScannedForEncodings = 0;
			knownRegions = (
				en,
				Base,
			);
			mainGroup = ED7245F91E4988BE00AF681E;
			productRefGroup = ED7246031E4988BE00AF681E /* Products */;
			projectDirPath = "";
			projectRoot = "";
			targets = (
				ED7246011E4988BE00AF681E /* Tweety */,
			);
		};
/* End PBXProject section */

/* Begin PBXResourcesBuildPhase section */
		ED7246001E4988BE00AF681E /* Resources */ = {
			isa = PBXResourcesBuildPhase;
			buildActionMask = 2147483647;
			files = (
				ED7246101E4988BE00AF681E /* LaunchScreen.storyboard in Resources */,
				ED72460D1E4988BE00AF681E /* Assets.xcassets in Resources */,
			);
			runOnlyForDeploymentPostprocessing = 0;
		};
/* End PBXResourcesBuildPhase section */

/* Begin PBXShellScriptBuildPhase section */
		20919C1C7916CDFB7A5E6FCA /* [CP] Copy Pods Resources */ = {
			isa = PBXShellScriptBuildPhase;
			buildActionMask = 2147483647;
			files = (
			);
			inputPaths = (
			);
			name = "[CP] Copy Pods Resources";
			outputPaths = (
			);
			runOnlyForDeploymentPostprocessing = 0;
			shellPath = /bin/sh;
			shellScript = "\"${SRCROOT}/Pods/Target Support Files/Pods-Tweety/Pods-Tweety-resources.sh\"\n";
			showEnvVarsInLog = 0;
		};
		4778A439AC9A7B730FFDE651 /* [CP] Check Pods Manifest.lock */ = {
			isa = PBXShellScriptBuildPhase;
			buildActionMask = 2147483647;
			files = (
			);
			inputPaths = (
			);
			name = "[CP] Check Pods Manifest.lock";
			outputPaths = (
			);
			runOnlyForDeploymentPostprocessing = 0;
			shellPath = /bin/sh;
			shellScript = "diff \"${PODS_ROOT}/../Podfile.lock\" \"${PODS_ROOT}/Manifest.lock\" > /dev/null\nif [ $? != 0 ] ; then\n    # print error to STDERR\n    echo \"error: The sandbox is not in sync with the Podfile.lock. Run 'pod install' or update your CocoaPods installation.\" >&2\n    exit 1\nfi\n";
			showEnvVarsInLog = 0;
		};
		C0A5B02B01B85EB3AABFAC5E /* [CP] Embed Pods Frameworks */ = {
			isa = PBXShellScriptBuildPhase;
			buildActionMask = 2147483647;
			files = (
			);
			inputPaths = (
			);
			name = "[CP] Embed Pods Frameworks";
			outputPaths = (
			);
			runOnlyForDeploymentPostprocessing = 0;
			shellPath = /bin/sh;
			shellScript = "\"${SRCROOT}/Pods/Target Support Files/Pods-Tweety/Pods-Tweety-frameworks.sh\"\n";
			showEnvVarsInLog = 0;
		};
/* End PBXShellScriptBuildPhase section */

/* Begin PBXSourcesBuildPhase section */
		ED7245FE1E4988BE00AF681E /* Sources */ = {
			isa = PBXSourcesBuildPhase;
			buildActionMask = 2147483647;
			files = (
				ED8671A11E4A5C0C004D6BFF /* HomeDatasource.swift in Sources */,
				ED7246061E4988BE00AF681E /* AppDelegate.swift in Sources */,
				EDD87A0B1E51838300728AC2 /* HomeDatasourceController+navbar.swift in Sources */,
				ED9E35F11E53BF2900DEBC81 /* Tweet.swift in Sources */,
				ED6285411E523BC40043A00F /* TweetCell.swift in Sources */,
				ED8671A31E4A66DB004D6BFF /* User.swift in Sources */,
				ED86719F1E4A5BE3004D6BFF /* UserHeaderFooter.swift in Sources */,
				ED86719A1E4A56C2004D6BFF /* HomeDatasourceController.swift in Sources */,
				ED8671A51E4A6A07004D6BFF /* UserCell.swift in Sources */,
			);
			runOnlyForDeploymentPostprocessing = 0;
		};
/* End PBXSourcesBuildPhase section */

/* Begin PBXVariantGroup section */
		ED72460E1E4988BE00AF681E /* LaunchScreen.storyboard */ = {
			isa = PBXVariantGroup;
			children = (
				ED72460F1E4988BE00AF681E /* Base */,
			);
			name = LaunchScreen.storyboard;
			sourceTree = "<group>";
		};
/* End PBXVariantGroup section */

/* Begin XCBuildConfiguration section */
		ED7246121E4988BE00AF681E /* Debug */ = {
			isa = XCBuildConfiguration;
			buildSettings = {
				ALWAYS_SEARCH_USER_PATHS = NO;
				CLANG_ANALYZER_NONNULL = YES;
				CLANG_CXX_LANGUAGE_STANDARD = "gnu++0x";
				CLANG_CXX_LIBRARY = "libc++";
				CLANG_ENABLE_MODULES = YES;
				CLANG_ENABLE_OBJC_ARC = YES;
				CLANG_WARN_BOOL_CONVERSION = YES;
				CLANG_WARN_CONSTANT_CONVERSION = YES;
				CLANG_WARN_DIRECT_OBJC_ISA_USAGE = YES_ERROR;
				CLANG_WARN_DOCUMENTATION_COMMENTS = YES;
				CLANG_WARN_EMPTY_BODY = YES;
				CLANG_WARN_ENUM_CONVERSION = YES;
				CLANG_WARN_INFINITE_RECURSION = YES;
				CLANG_WARN_INT_CONVERSION = YES;
				CLANG_WARN_OBJC_ROOT_CLASS = YES_ERROR;
				CLANG_WARN_SUSPICIOUS_MOVE = YES;
				CLANG_WARN_SUSPICIOUS_MOVES = YES;
				CLANG_WARN_UNREACHABLE_CODE = YES;
				CLANG_WARN__DUPLICATE_METHOD_MATCH = YES;
				"CODE_SIGN_IDENTITY[sdk=iphoneos*]" = "iPhone Developer";
				COPY_PHASE_STRIP = NO;
				DEBUG_INFORMATION_FORMAT = dwarf;
				ENABLE_STRICT_OBJC_MSGSEND = YES;
				ENABLE_TESTABILITY = YES;
				GCC_C_LANGUAGE_STANDARD = gnu99;
				GCC_DYNAMIC_NO_PIC = NO;
				GCC_NO_COMMON_BLOCKS = YES;
				GCC_OPTIMIZATION_LEVEL = 0;
				GCC_PREPROCESSOR_DEFINITIONS = (
					"DEBUG=1",
					"$(inherited)",
				);
				GCC_WARN_64_TO_32_BIT_CONVERSION = YES;
				GCC_WARN_ABOUT_RETURN_TYPE = YES_ERROR;
				GCC_WARN_UNDECLARED_SELECTOR = YES;
				GCC_WARN_UNINITIALIZED_AUTOS = YES_AGGRESSIVE;
				GCC_WARN_UNUSED_FUNCTION = YES;
				GCC_WARN_UNUSED_VARIABLE = YES;
				IPHONEOS_DEPLOYMENT_TARGET = 10.0;
				MTL_ENABLE_DEBUG_INFO = YES;
				ONLY_ACTIVE_ARCH = YES;
				SDKROOT = iphoneos;
				SWIFT_ACTIVE_COMPILATION_CONDITIONS = DEBUG;
				SWIFT_OPTIMIZATION_LEVEL = "-Onone";
			};
			name = Debug;
		};
		ED7246131E4988BE00AF681E /* Release */ = {
			isa = XCBuildConfiguration;
			buildSettings = {
				ALWAYS_SEARCH_USER_PATHS = NO;
				CLANG_ANALYZER_NONNULL = YES;
				CLANG_CXX_LANGUAGE_STANDARD = "gnu++0x";
				CLANG_CXX_LIBRARY = "libc++";
				CLANG_ENABLE_MODULES = YES;
				CLANG_ENABLE_OBJC_ARC = YES;
				CLANG_WARN_BOOL_CONVERSION = YES;
				CLANG_WARN_CONSTANT_CONVERSION = YES;
				CLANG_WARN_DIRECT_OBJC_ISA_USAGE = YES_ERROR;
				CLANG_WARN_DOCUMENTATION_COMMENTS = YES;
				CLANG_WARN_EMPTY_BODY = YES;
				CLANG_WARN_ENUM_CONVERSION = YES;
				CLANG_WARN_INFINITE_RECURSION = YES;
				CLANG_WARN_INT_CONVERSION = YES;
				CLANG_WARN_OBJC_ROOT_CLASS = YES_ERROR;
				CLANG_WARN_SUSPICIOUS_MOVE = YES;
				CLANG_WARN_SUSPICIOUS_MOVES = YES;
				CLANG_WARN_UNREACHABLE_CODE = YES;
				CLANG_WARN__DUPLICATE_METHOD_MATCH = YES;
				"CODE_SIGN_IDENTITY[sdk=iphoneos*]" = "iPhone Developer";
				COPY_PHASE_STRIP = NO;
				DEBUG_INFORMATION_FORMAT = "dwarf-with-dsym";
				ENABLE_NS_ASSERTIONS = NO;
				ENABLE_STRICT_OBJC_MSGSEND = YES;
				GCC_C_LANGUAGE_STANDARD = gnu99;
				GCC_NO_COMMON_BLOCKS = YES;
				GCC_WARN_64_TO_32_BIT_CONVERSION = YES;
				GCC_WARN_ABOUT_RETURN_TYPE = YES_ERROR;
				GCC_WARN_UNDECLARED_SELECTOR = YES;
				GCC_WARN_UNINITIALIZED_AUTOS = YES_AGGRESSIVE;
				GCC_WARN_UNUSED_FUNCTION = YES;
				GCC_WARN_UNUSED_VARIABLE = YES;
				IPHONEOS_DEPLOYMENT_TARGET = 10.0;
				MTL_ENABLE_DEBUG_INFO = NO;
				SDKROOT = iphoneos;
				SWIFT_OPTIMIZATION_LEVEL = "-Owholemodule";
				VALIDATE_PRODUCT = YES;
			};
			name = Release;
		};
		ED7246151E4988BE00AF681E /* Debug */ = {
			isa = XCBuildConfiguration;
			baseConfigurationReference = 8741049DCDC0482CECC0201E /* Pods-Tweety.debug.xcconfig */;
			buildSettings = {
				ASSETCATALOG_COMPILER_APPICON_NAME = AppIcon;
				DEVELOPMENT_TEAM = 6CU374MXYV;
				INFOPLIST_FILE = Tweety/Info.plist;
				LD_RUNPATH_SEARCH_PATHS = "$(inherited) @executable_path/Frameworks";
				PRODUCT_BUNDLE_IDENTIFIER = com.prayashthapa.Tweety;
				PRODUCT_NAME = "$(TARGET_NAME)";
				SWIFT_VERSION = 3.0;
			};
			name = Debug;
		};
		ED7246161E4988BE00AF681E /* Release */ = {
			isa = XCBuildConfiguration;
			baseConfigurationReference = A791AC8DE825DDE870CE7074 /* Pods-Tweety.release.xcconfig */;
			buildSettings = {
				ASSETCATALOG_COMPILER_APPICON_NAME = AppIcon;
				DEVELOPMENT_TEAM = 6CU374MXYV;
				INFOPLIST_FILE = Tweety/Info.plist;
				LD_RUNPATH_SEARCH_PATHS = "$(inherited) @executable_path/Frameworks";
				PRODUCT_BUNDLE_IDENTIFIER = com.prayashthapa.Tweety;
				PRODUCT_NAME = "$(TARGET_NAME)";
				SWIFT_VERSION = 3.0;
			};
			name = Release;
		};
/* End XCBuildConfiguration section */

/* Begin XCConfigurationList section */
		ED7245FD1E4988BE00AF681E /* Build configuration list for PBXProject "Tweety" */ = {
			isa = XCConfigurationList;
			buildConfigurations = (
				ED7246121E4988BE00AF681E /* Debug */,
				ED7246131E4988BE00AF681E /* Release */,
			);
			defaultConfigurationIsVisible = 0;
			defaultConfigurationName = Release;
		};
		ED7246141E4988BE00AF681E /* Build configuration list for PBXNativeTarget "Tweety" */ = {
			isa = XCConfigurationList;
			buildConfigurations = (
				ED7246151E4988BE00AF681E /* Debug */,
				ED7246161E4988BE00AF681E /* Release */,
			);
			defaultConfigurationIsVisible = 0;
			defaultConfigurationName = Release;
		};
/* End XCConfigurationList section */
	};
	rootObject = ED7245FA1E4988BE00AF681E /* Project object */;
}
